
Microsoft Visual Studio Solution File, Format Version 12.00
# Visual Studio 14
VisualStudioVersion = 14.0.23107.0
MinimumVisualStudioVersion = 10.0.40219.1
Project("{FAE04EC0-301F-11D3-BF4B-00C04F79EFBC}") = "TESTJVRF301510920", "TESTJVRF301510920\TESTJVRF301510920.csproj", "{A105D354-CEAD-4F98-AAFA-1C26A5F63229}"
EndProject
Global
	GlobalSection(SolutionConfigurationPlatforms) = preSolution
		Debug|Any CPU = Debug|Any CPU
		Release|Any CPU = Release|Any CPU
	EndGlobalSection
	GlobalSection(ProjectConfigurationPlatforms) = postSolution
		{A105D354-CEAD-4F98-AAFA-1C26A5F63229}.Debug|Any CPU.ActiveCfg = Debug|Any CPU
		{A105D354-CEAD-4F98-AAFA-1C26A5F63229}.Debug|Any CPU.Build.0 = Debug|Any CPU
		{A105D354-CEAD-4F98-AAFA-1C26A5F63229}.Release|Any CPU.ActiveCfg = Release|Any CPU
		{A105D354-CEAD-4F98-AAFA-1C26A5F63229}.Release|Any CPU.Build.0 = Release|Any CPU
	EndGlobalSection
	GlobalSection(SolutionProperties) = preSolution
		HideSolutionNode = FALSE
	EndGlobalSection
EndGlobal
